
Microsoft Visual Studio Solution File, Format Version 12.00
# Visual Studio Version 17
VisualStudioVersion = 17.11.35312.102
MinimumVisualStudioVersion = 10.0.40219.1
Project("{FAE04EC0-301F-11D3-BF4B-00C04F79EFBC}") = "StudyAbroad", "StudyAbroad.csproj", "{A081202E-DD22-480D-8DC8-AC4EFEBACDDA}"
EndProject
Global
	GlobalSection(SolutionConfigurationPlatforms) = preSolution
		Debug|Any CPU = Debug|Any CPU
		Release|Any CPU = Release|Any CPU
	EndGlobalSection
	GlobalSection(ProjectConfigurationPlatforms) = postSolution
		{A081202E-DD22-480D-8DC8-AC4EFEBACDDA}.Debug|Any CPU.ActiveCfg = Debug|Any CPU
		{A081202E-DD22-480D-8DC8-AC4EFEBACDDA}.Debug|Any CPU.Build.0 = Debug|Any CPU
		{A081202E-DD22-480D-8DC8-AC4EFEBACDDA}.Release|Any CPU.ActiveCfg = Release|Any CPU
		{A081202E-DD22-480D-8DC8-AC4EFEBACDDA}.Release|Any CPU.Build.0 = Release|Any CPU
	EndGlobalSection
	GlobalSection(SolutionProperties) = preSolution
		HideSolutionNode = FALSE
	EndGlobalSection
	GlobalSection(ExtensibilityGlobals) = postSolution
		SolutionGuid = {35987772-637B-4DE2-94F7-C40F5B61851F}
	EndGlobalSection
EndGlobal
